
Microsoft Visual Studio Solution File, Format Version 12.00
# Visual Studio Version 16
VisualStudioVersion = 16.0.31605.320
MinimumVisualStudioVersion = 10.0.40219.1
Project("{9A19103F-16F7-4668-BE54-9A1E7A4F7556}") = "gRPCServiceBasic", "gRPCServiceBasic.csproj", "{167334BD-7788-4EA6-AD66-EC1BD956BF64}"
EndProject
Global
	GlobalSection(SolutionConfigurationPlatforms) = preSolution
		Debug|Any CPU = Debug|Any CPU
		Release|Any CPU = Release|Any CPU
	EndGlobalSection
	GlobalSection(ProjectConfigurationPlatforms) = postSolution
		{167334BD-7788-4EA6-AD66-EC1BD956BF64}.Debug|Any CPU.ActiveCfg = Debug|Any CPU
		{167334BD-7788-4EA6-AD66-EC1BD956BF64}.Debug|Any CPU.Build.0 = Debug|Any CPU
		{167334BD-7788-4EA6-AD66-EC1BD956BF64}.Release|Any CPU.ActiveCfg = Release|Any CPU
		{167334BD-7788-4EA6-AD66-EC1BD956BF64}.Release|Any CPU.Build.0 = Release|Any CPU
	EndGlobalSection
	GlobalSection(SolutionProperties) = preSolution
		HideSolutionNode = FALSE
	EndGlobalSection
	GlobalSection(ExtensibilityGlobals) = postSolution
		SolutionGuid = {3CC532C3-068F-4352-ACF1-4D4A6E3A7163}
	EndGlobalSection
EndGlobal
